
Microsoft Visual Studio Solution File, Format Version 12.00
# Visual Studio Version 17
VisualStudioVersion = 17.14.36203.30 d17.14
MinimumVisualStudioVersion = 10.0.40219.1
Project("{FAE04EC0-301F-11D3-BF4B-00C04F79EFBC}") = "PubSubClientTest", "PubSubClientTest\PubSubClientTest.csproj", "{C711F14A-920B-4D18-BA2C-FF50B9C86D2A}"
EndProject
Global
	GlobalSection(SolutionConfigurationPlatforms) = preSolution
		Debug|Any CPU = Debug|Any CPU
		Release|Any CPU = Release|Any CPU
	EndGlobalSection
	GlobalSection(ProjectConfigurationPlatforms) = postSolution
		{C711F14A-920B-4D18-BA2C-FF50B9C86D2A}.Debug|Any CPU.ActiveCfg = Debug|Any CPU
		{C711F14A-920B-4D18-BA2C-FF50B9C86D2A}.Debug|Any CPU.Build.0 = Debug|Any CPU
		{C711F14A-920B-4D18-BA2C-FF50B9C86D2A}.Release|Any CPU.ActiveCfg = Release|Any CPU
		{C711F14A-920B-4D18-BA2C-FF50B9C86D2A}.Release|Any CPU.Build.0 = Release|Any CPU
	EndGlobalSection
	GlobalSection(SolutionProperties) = preSolution
		HideSolutionNode = FALSE
	EndGlobalSection
	GlobalSection(ExtensibilityGlobals) = postSolution
		SolutionGuid = {95DE22DC-F84D-4AB5-B30F-FFFE4B64FF7A}
	EndGlobalSection
EndGlobal
